// !$*UTF8*$!
{
	archiveVersion = 1;
	classes = {
	};
	objectVersion = 50;
	objects = {

/* Begin PBXBuildFile section */
		DE5169EC2291AB0E0088CBD6 /* CityWeatherViewController.swift in Sources */ = {isa = PBXBuildFile; fileRef = DE5169EB2291AB0E0088CBD6 /* CityWeatherViewController.swift */; };
		DE5169F02291ACFE0088CBD6 /* WeatherInfoCollectionViewCell.swift in Sources */ = {isa = PBXBuildFile; fileRef = DE5169EE2291ACFE0088CBD6 /* WeatherInfoCollectionViewCell.swift */; };
		DE5169F12291ACFE0088CBD6 /* WeatherInfoCollectionViewCell.xib in Resources */ = {isa = PBXBuildFile; fileRef = DE5169EF2291ACFE0088CBD6 /* WeatherInfoCollectionViewCell.xib */; };
		DE5169F42291B32F0088CBD6 /* WeatherDayTableViewCell.swift in Sources */ = {isa = PBXBuildFile; fileRef = DE5169F22291B32F0088CBD6 /* WeatherDayTableViewCell.swift */; };
		DE5169F52291B32F0088CBD6 /* WeatherDayTableViewCell.xib in Resources */ = {isa = PBXBuildFile; fileRef = DE5169F32291B32F0088CBD6 /* WeatherDayTableViewCell.xib */; };
		DE5169F92291E3870088CBD6 /* Formatters.swift in Sources */ = {isa = PBXBuildFile; fileRef = DE5169F82291E3870088CBD6 /* Formatters.swift */; };
		DE5169FD2291F4DF0088CBD6 /* UIKitExtensions.swift in Sources */ = {isa = PBXBuildFile; fileRef = DE5169FC2291F4DF0088CBD6 /* UIKitExtensions.swift */; };
		DE5169FF2291F9EC0088CBD6 /* WeatherDayTableViewSectionHeader.swift in Sources */ = {isa = PBXBuildFile; fileRef = DE5169FE2291F9EC0088CBD6 /* WeatherDayTableViewSectionHeader.swift */; };
		DE516A012291FC150088CBD6 /* CityGeneralInfoView.swift in Sources */ = {isa = PBXBuildFile; fileRef = DE516A002291FC150088CBD6 /* CityGeneralInfoView.swift */; };
		DE516A03229206300088CBD6 /* FoundationExtensions.swift in Sources */ = {isa = PBXBuildFile; fileRef = DE516A02229206300088CBD6 /* FoundationExtensions.swift */; };
		DE516A0622920D640088CBD6 /* 745044.json in Resources */ = {isa = PBXBuildFile; fileRef = DE516A0522920D640088CBD6 /* 745044.json */; };
		DE516A0822920D9C0088CBD6 /* CityWeatherFileDataSource.swift in Sources */ = {isa = PBXBuildFile; fileRef = DE516A0722920D9C0088CBD6 /* CityWeatherFileDataSource.swift */; };
		DE516A0A22920DCA0088CBD6 /* CityWeatherDataProvider.swift in Sources */ = {isa = PBXBuildFile; fileRef = DE516A0922920DCA0088CBD6 /* CityWeatherDataProvider.swift */; };
		DE516A0C229214D90088CBD6 /* ErrorHelper.swift in Sources */ = {isa = PBXBuildFile; fileRef = DE516A0B229214D90088CBD6 /* ErrorHelper.swift */; };
		DE954DC622918ED700F7BAB9 /* AppDelegate.swift in Sources */ = {isa = PBXBuildFile; fileRef = DE954DC522918ED700F7BAB9 /* AppDelegate.swift */; };
		DE954DCB22918ED700F7BAB9 /* Main.storyboard in Resources */ = {isa = PBXBuildFile; fileRef = DE954DC922918ED700F7BAB9 /* Main.storyboard */; };
		DE954DCD22918ED900F7BAB9 /* Assets.xcassets in Resources */ = {isa = PBXBuildFile; fileRef = DE954DCC22918ED900F7BAB9 /* Assets.xcassets */; };
		DE954DD022918ED900F7BAB9 /* LaunchScreen.storyboard in Resources */ = {isa = PBXBuildFile; fileRef = DE954DCE22918ED900F7BAB9 /* LaunchScreen.storyboard */; };
		DE954DDB22918ED900F7BAB9 /* WeatherChallangeTests.swift in Sources */ = {isa = PBXBuildFile; fileRef = DE954DDA22918ED900F7BAB9 /* WeatherChallangeTests.swift */; };
		DE954DE822918F4100F7BAB9 /* CityWeatherOnlineDataSource.swift in Sources */ = {isa = PBXBuildFile; fileRef = DE954DE722918F4100F7BAB9 /* CityWeatherOnlineDataSource.swift */; };
		DE954E002291943700F7BAB9 /* CityWeather.swift in Sources */ = {isa = PBXBuildFile; fileRef = DE954DFE2291926500F7BAB9 /* CityWeather.swift */; };
/* End PBXBuildFile section */

/* Begin PBXContainerItemProxy section */
		DE954DD722918ED900F7BAB9 /* PBXContainerItemProxy */ = {
			isa = PBXContainerItemProxy;
			containerPortal = DE954DBA22918ED700F7BAB9 /* Project object */;
			proxyType = 1;
			remoteGlobalIDString = DE954DC122918ED700F7BAB9;
			remoteInfo = WeatherChallange;
		};
/* End PBXContainerItemProxy section */

/* Begin PBXFileReference section */
		DE5169EB2291AB0E0088CBD6 /* CityWeatherViewController.swift */ = {isa = PBXFileReference; lastKnownFileType = sourcecode.swift; path = CityWeatherViewController.swift; sourceTree = "<group>"; };
		DE5169EE2291ACFE0088CBD6 /* WeatherInfoCollectionViewCell.swift */ = {isa = PBXFileReference; lastKnownFileType = sourcecode.swift; path = WeatherInfoCollectionViewCell.swift; sourceTree = "<group>"; };
		DE5169EF2291ACFE0088CBD6 /* WeatherInfoCollectionViewCell.xib */ = {isa = PBXFileReference; lastKnownFileType = file.xib; path = WeatherInfoCollectionViewCell.xib; sourceTree = "<group>"; };
		DE5169F22291B32F0088CBD6 /* WeatherDayTableViewCell.swift */ = {isa = PBXFileReference; lastKnownFileType = sourcecode.swift; path = WeatherDayTableViewCell.swift; sourceTree = "<group>"; };
		DE5169F32291B32F0088CBD6 /* WeatherDayTableViewCell.xib */ = {isa = PBXFileReference; lastKnownFileType = file.xib; path = WeatherDayTableViewCell.xib; sourceTree = "<group>"; };
		DE5169F82291E3870088CBD6 /* Formatters.swift */ = {isa = PBXFileReference; lastKnownFileType = sourcecode.swift; path = Formatters.swift; sourceTree = "<group>"; };
		DE5169FC2291F4DF0088CBD6 /* UIKitExtensions.swift */ = {isa = PBXFileReference; lastKnownFileType = sourcecode.swift; path = UIKitExtensions.swift; sourceTree = "<group>"; };
		DE5169FE2291F9EC0088CBD6 /* WeatherDayTableViewSectionHeader.swift */ = {isa = PBXFileReference; lastKnownFileType = sourcecode.swift; path = WeatherDayTableViewSectionHeader.swift; sourceTree = "<group>"; };
		DE516A002291FC150088CBD6 /* CityGeneralInfoView.swift */ = {isa = PBXFileReference; lastKnownFileType = sourcecode.swift; path = CityGeneralInfoView.swift; sourceTree = "<group>"; };
		DE516A02229206300088CBD6 /* FoundationExtensions.swift */ = {isa = PBXFileReference; lastKnownFileType = sourcecode.swift; path = FoundationExtensions.swift; sourceTree = "<group>"; };
		DE516A0522920D640088CBD6 /* 745044.json */ = {isa = PBXFileReference; fileEncoding = 4; lastKnownFileType = text.json; path = 745044.json; sourceTree = "<group>"; };
		DE516A0722920D9C0088CBD6 /* CityWeatherFileDataSource.swift */ = {isa = PBXFileReference; lastKnownFileType = sourcecode.swift; path = CityWeatherFileDataSource.swift; sourceTree = "<group>"; };
		DE516A0922920DCA0088CBD6 /* CityWeatherDataProvider.swift */ = {isa = PBXFileReference; lastKnownFileType = sourcecode.swift; path = CityWeatherDataProvider.swift; sourceTree = "<group>"; };
		DE516A0B229214D90088CBD6 /* ErrorHelper.swift */ = {isa = PBXFileReference; lastKnownFileType = sourcecode.swift; path = ErrorHelper.swift; sourceTree = "<group>"; };
		DE954DC222918ED700F7BAB9 /* WeatherChallange.app */ = {isa = PBXFileReference; explicitFileType = wrapper.application; includeInIndex = 0; path = WeatherChallange.app; sourceTree = BUILT_PRODUCTS_DIR; };
		DE954DC522918ED700F7BAB9 /* AppDelegate.swift */ = {isa = PBXFileReference; lastKnownFileType = sourcecode.swift; path = AppDelegate.swift; sourceTree = "<group>"; };
		DE954DCA22918ED700F7BAB9 /* Base */ = {isa = PBXFileReference; lastKnownFileType = file.storyboard; name = Base; path = Base.lproj/Main.storyboard; sourceTree = "<group>"; };
		DE954DCC22918ED900F7BAB9 /* Assets.xcassets */ = {isa = PBXFileReference; lastKnownFileType = folder.assetcatalog; path = Assets.xcassets; sourceTree = "<group>"; };
		DE954DCF22918ED900F7BAB9 /* Base */ = {isa = PBXFileReference; lastKnownFileType = file.storyboard; name = Base; path = Base.lproj/LaunchScreen.storyboard; sourceTree = "<group>"; };
		DE954DD122918ED900F7BAB9 /* Info.plist */ = {isa = PBXFileReference; lastKnownFileType = text.plist.xml; path = Info.plist; sourceTree = "<group>"; };
		DE954DD622918ED900F7BAB9 /* WeatherChallangeTests.xctest */ = {isa = PBXFileReference; explicitFileType = wrapper.cfbundle; includeInIndex = 0; path = WeatherChallangeTests.xctest; sourceTree = BUILT_PRODUCTS_DIR; };
		DE954DDA22918ED900F7BAB9 /* WeatherChallangeTests.swift */ = {isa = PBXFileReference; lastKnownFileType = sourcecode.swift; path = WeatherChallangeTests.swift; sourceTree = "<group>"; };
		DE954DDC22918ED900F7BAB9 /* Info.plist */ = {isa = PBXFileReference; lastKnownFileType = text.plist.xml; path = Info.plist; sourceTree = "<group>"; };
		DE954DE722918F4100F7BAB9 /* CityWeatherOnlineDataSource.swift */ = {isa = PBXFileReference; fileEncoding = 4; lastKnownFileType = sourcecode.swift; path = CityWeatherOnlineDataSource.swift; sourceTree = "<group>"; };
		DE954DFE2291926500F7BAB9 /* CityWeather.swift */ = {isa = PBXFileReference; lastKnownFileType = sourcecode.swift; path = CityWeather.swift; sourceTree = "<group>"; };
/* End PBXFileReference section */

/* Begin PBXFrameworksBuildPhase section */
		DE954DBF22918ED700F7BAB9 /* Frameworks */ = {
			isa = PBXFrameworksBuildPhase;
			buildActionMask = 2147483647;
			files = (
			);
			runOnlyForDeploymentPostprocessing = 0;
		};
		DE954DD322918ED900F7BAB9 /* Frameworks */ = {
			isa = PBXFrameworksBuildPhase;
			buildActionMask = 2147483647;
			files = (
			);
			runOnlyForDeploymentPostprocessing = 0;
		};
/* End PBXFrameworksBuildPhase section */

/* Begin PBXGroup section */
		DE5169ED2291ACC50088CBD6 /* Views */ = {
			isa = PBXGroup;
			children = (
				DE5169EE2291ACFE0088CBD6 /* WeatherInfoCollectionViewCell.swift */,
				DE5169EF2291ACFE0088CBD6 /* WeatherInfoCollectionViewCell.xib */,
				DE5169F22291B32F0088CBD6 /* WeatherDayTableViewCell.swift */,
				DE5169F32291B32F0088CBD6 /* WeatherDayTableViewCell.xib */,
				DE5169FE2291F9EC0088CBD6 /* WeatherDayTableViewSectionHeader.swift */,
				DE516A002291FC150088CBD6 /* CityGeneralInfoView.swift */,
			);
			path = Views;
			sourceTree = "<group>";
		};
		DE5169F62291E36C0088CBD6 /* Utils */ = {
			isa = PBXGroup;
			children = (
				DE5169F82291E3870088CBD6 /* Formatters.swift */,
				DE5169FC2291F4DF0088CBD6 /* UIKitExtensions.swift */,
				DE516A02229206300088CBD6 /* FoundationExtensions.swift */,
				DE516A0B229214D90088CBD6 /* ErrorHelper.swift */,
			);
			path = Utils;
			sourceTree = "<group>";
		};
		DE5169F72291E36C0088CBD6 /* Controllers */ = {
			isa = PBXGroup;
			children = (
				DE5169EB2291AB0E0088CBD6 /* CityWeatherViewController.swift */,
			);
			path = Controllers;
			sourceTree = "<group>";
		};
		DE516A0422920D640088CBD6 /* Resources */ = {
			isa = PBXGroup;
			children = (
				DE516A0522920D640088CBD6 /* 745044.json */,
			);
			path = Resources;
			sourceTree = "<group>";
		};
		DE516A0D22921A1F0088CBD6 /* DataSources */ = {
			isa = PBXGroup;
			children = (
				DE954DE722918F4100F7BAB9 /* CityWeatherOnlineDataSource.swift */,
				DE516A0722920D9C0088CBD6 /* CityWeatherFileDataSource.swift */,
				DE516A0922920DCA0088CBD6 /* CityWeatherDataProvider.swift */,
			);
			path = DataSources;
			sourceTree = "<group>";
		};
		DE954DB922918ED700F7BAB9 = {
			isa = PBXGroup;
			children = (
				DE954DC422918ED700F7BAB9 /* WeatherChallange */,
				DE954DD922918ED900F7BAB9 /* WeatherChallangeTests */,
				DE954DC322918ED700F7BAB9 /* Products */,
			);
			sourceTree = "<group>";
		};
		DE954DC322918ED700F7BAB9 /* Products */ = {
			isa = PBXGroup;
			children = (
				DE954DC222918ED700F7BAB9 /* WeatherChallange.app */,
				DE954DD622918ED900F7BAB9 /* WeatherChallangeTests.xctest */,
			);
			name = Products;
			sourceTree = "<group>";
		};
		DE954DC422918ED700F7BAB9 /* WeatherChallange */ = {
			isa = PBXGroup;
			children = (
				DE516A0D22921A1F0088CBD6 /* DataSources */,
				DE5169F72291E36C0088CBD6 /* Controllers */,
				DE954DFD2291925500F7BAB9 /* Models */,
				DE516A0422920D640088CBD6 /* Resources */,
				DE5169F62291E36C0088CBD6 /* Utils */,
				DE5169ED2291ACC50088CBD6 /* Views */,
				DE954DC522918ED700F7BAB9 /* AppDelegate.swift */,
				DE954DC922918ED700F7BAB9 /* Main.storyboard */,
				DE954DCC22918ED900F7BAB9 /* Assets.xcassets */,
				DE954DCE22918ED900F7BAB9 /* LaunchScreen.storyboard */,
				DE954DD122918ED900F7BAB9 /* Info.plist */,
			);
			path = WeatherChallange;
			sourceTree = "<group>";
		};
		DE954DD922918ED900F7BAB9 /* WeatherChallangeTests */ = {
			isa = PBXGroup;
			children = (
				DE954DDA22918ED900F7BAB9 /* WeatherChallangeTests.swift */,
				DE954DDC22918ED900F7BAB9 /* Info.plist */,
			);
			path = WeatherChallangeTests;
			sourceTree = "<group>";
		};
		DE954DFD2291925500F7BAB9 /* Models */ = {
			isa = PBXGroup;
			children = (
				DE954DFE2291926500F7BAB9 /* CityWeather.swift */,
			);
			path = Models;
			sourceTree = "<group>";
		};
/* End PBXGroup section */

/* Begin PBXNativeTarget section */
		DE954DC122918ED700F7BAB9 /* WeatherChallange */ = {
			isa = PBXNativeTarget;
			buildConfigurationList = DE954DDF22918ED900F7BAB9 /* Build configuration list for PBXNativeTarget "WeatherChallange" */;
			buildPhases = (
				DE954DBE22918ED700F7BAB9 /* Sources */,
				DE954DBF22918ED700F7BAB9 /* Frameworks */,
				DE954DC022918ED700F7BAB9 /* Resources */,
			);
			buildRules = (
			);
			dependencies = (
			);
			name = WeatherChallange;
			productName = WeatherChallange;
			productReference = DE954DC222918ED700F7BAB9 /* WeatherChallange.app */;
			productType = "com.apple.product-type.application";
		};
		DE954DD522918ED900F7BAB9 /* WeatherChallangeTests */ = {
			isa = PBXNativeTarget;
			buildConfigurationList = DE954DE222918ED900F7BAB9 /* Build configuration list for PBXNativeTarget "WeatherChallangeTests" */;
			buildPhases = (
				DE954DD222918ED900F7BAB9 /* Sources */,
				DE954DD322918ED900F7BAB9 /* Frameworks */,
				DE954DD422918ED900F7BAB9 /* Resources */,
			);
			buildRules = (
			);
			dependencies = (
				DE954DD822918ED900F7BAB9 /* PBXTargetDependency */,
			);
			name = WeatherChallangeTests;
			productName = WeatherChallangeTests;
			productReference = DE954DD622918ED900F7BAB9 /* WeatherChallangeTests.xctest */;
			productType = "com.apple.product-type.bundle.unit-test";
		};
/* End PBXNativeTarget section */

/* Begin PBXProject section */
		DE954DBA22918ED700F7BAB9 /* Project object */ = {
			isa = PBXProject;
			attributes = {
				LastSwiftUpdateCheck = 1020;
				LastUpgradeCheck = 1020;
				ORGANIZATIONNAME = "Görkem Karahan";
				TargetAttributes = {
					DE954DC122918ED700F7BAB9 = {
						CreatedOnToolsVersion = 10.2.1;
					};
					DE954DD522918ED900F7BAB9 = {
						CreatedOnToolsVersion = 10.2.1;
						TestTargetID = DE954DC122918ED700F7BAB9;
					};
				};
			};
			buildConfigurationList = DE954DBD22918ED700F7BAB9 /* Build configuration list for PBXProject "WeatherChallange" */;
			compatibilityVersion = "Xcode 9.3";
			developmentRegion = en;
			hasScannedForEncodings = 0;
			knownRegions = (
				en,
				Base,
			);
			mainGroup = DE954DB922918ED700F7BAB9;
			productRefGroup = DE954DC322918ED700F7BAB9 /* Products */;
			projectDirPath = "";
			projectRoot = "";
			targets = (
				DE954DC122918ED700F7BAB9 /* WeatherChallange */,
				DE954DD522918ED900F7BAB9 /* WeatherChallangeTests */,
			);
		};
/* End PBXProject section */

/* Begin PBXResourcesBuildPhase section */
		DE954DC022918ED700F7BAB9 /* Resources */ = {
			isa = PBXResourcesBuildPhase;
			buildActionMask = 2147483647;
			files = (
				DE954DD022918ED900F7BAB9 /* LaunchScreen.storyboard in Resources */,
				DE516A0622920D640088CBD6 /* 745044.json in Resources */,
				DE954DCD22918ED900F7BAB9 /* Assets.xcassets in Resources */,
				DE954DCB22918ED700F7BAB9 /* Main.storyboard in Resources */,
				DE5169F52291B32F0088CBD6 /* WeatherDayTableViewCell.xib in Resources */,
				DE5169F12291ACFE0088CBD6 /* WeatherInfoCollectionViewCell.xib in Resources */,
			);
			runOnlyForDeploymentPostprocessing = 0;
		};
		DE954DD422918ED900F7BAB9 /* Resources */ = {
			isa = PBXResourcesBuildPhase;
			buildActionMask = 2147483647;
			files = (
			);
			runOnlyForDeploymentPostprocessing = 0;
		};
/* End PBXResourcesBuildPhase section */

/* Begin PBXSourcesBuildPhase section */
		DE954DBE22918ED700F7BAB9 /* Sources */ = {
			isa = PBXSourcesBuildPhase;
			buildActionMask = 2147483647;
			files = (
				DE516A012291FC150088CBD6 /* CityGeneralInfoView.swift in Sources */,
				DE954E002291943700F7BAB9 /* CityWeather.swift in Sources */,
				DE954DE822918F4100F7BAB9 /* CityWeatherOnlineDataSource.swift in Sources */,
				DE5169FD2291F4DF0088CBD6 /* UIKitExtensions.swift in Sources */,
				DE516A0C229214D90088CBD6 /* ErrorHelper.swift in Sources */,
				DE516A0A22920DCA0088CBD6 /* CityWeatherDataProvider.swift in Sources */,
				DE5169EC2291AB0E0088CBD6 /* CityWeatherViewController.swift in Sources */,
				DE5169F02291ACFE0088CBD6 /* WeatherInfoCollectionViewCell.swift in Sources */,
				DE5169FF2291F9EC0088CBD6 /* WeatherDayTableViewSectionHeader.swift in Sources */,
				DE516A0822920D9C0088CBD6 /* CityWeatherFileDataSource.swift in Sources */,
				DE954DC622918ED700F7BAB9 /* AppDelegate.swift in Sources */,
				DE5169F42291B32F0088CBD6 /* WeatherDayTableViewCell.swift in Sources */,
				DE516A03229206300088CBD6 /* FoundationExtensions.swift in Sources */,
				DE5169F92291E3870088CBD6 /* Formatters.swift in Sources */,
			);
			runOnlyForDeploymentPostprocessing = 0;
		};
		DE954DD222918ED900F7BAB9 /* Sources */ = {
			isa = PBXSourcesBuildPhase;
			buildActionMask = 2147483647;
			files = (
				DE954DDB22918ED900F7BAB9 /* WeatherChallangeTests.swift in Sources */,
			);
			runOnlyForDeploymentPostprocessing = 0;
		};
/* End PBXSourcesBuildPhase section */

/* Begin PBXTargetDependency section */
		DE954DD822918ED900F7BAB9 /* PBXTargetDependency */ = {
			isa = PBXTargetDependency;
			target = DE954DC122918ED700F7BAB9 /* WeatherChallange */;
			targetProxy = DE954DD722918ED900F7BAB9 /* PBXContainerItemProxy */;
		};
/* End PBXTargetDependency section */

/* Begin PBXVariantGroup section */
		DE954DC922918ED700F7BAB9 /* Main.storyboard */ = {
			isa = PBXVariantGroup;
			children = (
				DE954DCA22918ED700F7BAB9 /* Base */,
			);
			name = Main.storyboard;
			sourceTree = "<group>";
		};
		DE954DCE22918ED900F7BAB9 /* LaunchScreen.storyboard */ = {
			isa = PBXVariantGroup;
			children = (
				DE954DCF22918ED900F7BAB9 /* Base */,
			);
			name = LaunchScreen.storyboard;
			sourceTree = "<group>";
		};
/* End PBXVariantGroup section */

/* Begin XCBuildConfiguration section */
		DE954DDD22918ED900F7BAB9 /* Debug */ = {
			isa = XCBuildConfiguration;
			buildSettings = {
				ALWAYS_SEARCH_USER_PATHS = NO;
				CLANG_ANALYZER_NONNULL = YES;
				CLANG_ANALYZER_NUMBER_OBJECT_CONVERSION = YES_AGGRESSIVE;
				CLANG_CXX_LANGUAGE_STANDARD = "gnu++14";
				CLANG_CXX_LIBRARY = "libc++";
				CLANG_ENABLE_MODULES = YES;
				CLANG_ENABLE_OBJC_ARC = YES;
				CLANG_ENABLE_OBJC_WEAK = YES;
				CLANG_WARN_BLOCK_CAPTURE_AUTORELEASING = YES;
				CLANG_WARN_BOOL_CONVERSION = YES;
				CLANG_WARN_COMMA = YES;
				CLANG_WARN_CONSTANT_CONVERSION = YES;
				CLANG_WARN_DEPRECATED_OBJC_IMPLEMENTATIONS = YES;
				CLANG_WARN_DIRECT_OBJC_ISA_USAGE = YES_ERROR;
				CLANG_WARN_DOCUMENTATION_COMMENTS = YES;
				CLANG_WARN_EMPTY_BODY = YES;
				CLANG_WARN_ENUM_CONVERSION = YES;
				CLANG_WARN_INFINITE_RECURSION = YES;
				CLANG_WARN_INT_CONVERSION = YES;
				CLANG_WARN_NON_LITERAL_NULL_CONVERSION = YES;
				CLANG_WARN_OBJC_IMPLICIT_RETAIN_SELF = YES;
				CLANG_WARN_OBJC_LITERAL_CONVERSION = YES;
				CLANG_WARN_OBJC_ROOT_CLASS = YES_ERROR;
				CLANG_WARN_RANGE_LOOP_ANALYSIS = YES;
				CLANG_WARN_STRICT_PROTOTYPES = YES;
				CLANG_WARN_SUSPICIOUS_MOVE = YES;
				CLANG_WARN_UNGUARDED_AVAILABILITY = YES_AGGRESSIVE;
				CLANG_WARN_UNREACHABLE_CODE = YES;
				CLANG_WARN__DUPLICATE_METHOD_MATCH = YES;
				CODE_SIGN_IDENTITY = "iPhone Developer";
				COPY_PHASE_STRIP = NO;
				DEBUG_INFORMATION_FORMAT = dwarf;
				ENABLE_STRICT_OBJC_MSGSEND = YES;
				ENABLE_TESTABILITY = YES;
				GCC_C_LANGUAGE_STANDARD = gnu11;
				GCC_DYNAMIC_NO_PIC = NO;
				GCC_NO_COMMON_BLOCKS = YES;
				GCC_OPTIMIZATION_LEVEL = 0;
				GCC_PREPROCESSOR_DEFINITIONS = (
					"DEBUG=1",
					"$(inherited)",
				);
				GCC_WARN_64_TO_32_BIT_CONVERSION = YES;
				GCC_WARN_ABOUT_RETURN_TYPE = YES_ERROR;
				GCC_WARN_UNDECLARED_SELECTOR = YES;
				GCC_WARN_UNINITIALIZED_AUTOS = YES_AGGRESSIVE;
				GCC_WARN_UNUSED_FUNCTION = YES;
				GCC_WARN_UNUSED_VARIABLE = YES;
				IPHONEOS_DEPLOYMENT_TARGET = 12.2;
				MTL_ENABLE_DEBUG_INFO = INCLUDE_SOURCE;
				MTL_FAST_MATH = YES;
				ONLY_ACTIVE_ARCH = YES;
				SDKROOT = iphoneos;
				SWIFT_ACTIVE_COMPILATION_CONDITIONS = DEBUG;
				SWIFT_OPTIMIZATION_LEVEL = "-Onone";
			};
			name = Debug;
		};
		DE954DDE22918ED900F7BAB9 /* Release */ = {
			isa = XCBuildConfiguration;
			buildSettings = {
				ALWAYS_SEARCH_USER_PATHS = NO;
				CLANG_ANALYZER_NONNULL = YES;
				CLANG_ANALYZER_NUMBER_OBJECT_CONVERSION = YES_AGGRESSIVE;
				CLANG_CXX_LANGUAGE_STANDARD = "gnu++14";
				CLANG_CXX_LIBRARY = "libc++";
				CLANG_ENABLE_MODULES = YES;
				CLANG_ENABLE_OBJC_ARC = YES;
				CLANG_ENABLE_OBJC_WEAK = YES;
				CLANG_WARN_BLOCK_CAPTURE_AUTORELEASING = YES;
				CLANG_WARN_BOOL_CONVERSION = YES;
				CLANG_WARN_COMMA = YES;
				CLANG_WARN_CONSTANT_CONVERSION = YES;
				CLANG_WARN_DEPRECATED_OBJC_IMPLEMENTATIONS = YES;
				CLANG_WARN_DIRECT_OBJC_ISA_USAGE = YES_ERROR;
				CLANG_WARN_DOCUMENTATION_COMMENTS = YES;
				CLANG_WARN_EMPTY_BODY = YES;
				CLANG_WARN_ENUM_CONVERSION = YES;
				CLANG_WARN_INFINITE_RECURSION = YES;
				CLANG_WARN_INT_CONVERSION = YES;
				CLANG_WARN_NON_LITERAL_NULL_CONVERSION = YES;
				CLANG_WARN_OBJC_IMPLICIT_RETAIN_SELF = YES;
				CLANG_WARN_OBJC_LITERAL_CONVERSION = YES;
				CLANG_WARN_OBJC_ROOT_CLASS = YES_ERROR;
				CLANG_WARN_RANGE_LOOP_ANALYSIS = YES;
				CLANG_WARN_STRICT_PROTOTYPES = YES;
				CLANG_WARN_SUSPICIOUS_MOVE = YES;
				CLANG_WARN_UNGUARDED_AVAILABILITY = YES_AGGRESSIVE;
				CLANG_WARN_UNREACHABLE_CODE = YES;
				CLANG_WARN__DUPLICATE_METHOD_MATCH = YES;
				CODE_SIGN_IDENTITY = "iPhone Developer";
				COPY_PHASE_STRIP = NO;
				DEBUG_INFORMATION_FORMAT = "dwarf-with-dsym";
				ENABLE_NS_ASSERTIONS = NO;
				ENABLE_STRICT_OBJC_MSGSEND = YES;
				GCC_C_LANGUAGE_STANDARD = gnu11;
				GCC_NO_COMMON_BLOCKS = YES;
				GCC_WARN_64_TO_32_BIT_CONVERSION = YES;
				GCC_WARN_ABOUT_RETURN_TYPE = YES_ERROR;
				GCC_WARN_UNDECLARED_SELECTOR = YES;
				GCC_WARN_UNINITIALIZED_AUTOS = YES_AGGRESSIVE;
				GCC_WARN_UNUSED_FUNCTION = YES;
				GCC_WARN_UNUSED_VARIABLE = YES;
				IPHONEOS_DEPLOYMENT_TARGET = 12.2;
				MTL_ENABLE_DEBUG_INFO = NO;
				MTL_FAST_MATH = YES;
				SDKROOT = iphoneos;
				SWIFT_COMPILATION_MODE = wholemodule;
				SWIFT_OPTIMIZATION_LEVEL = "-O";
				VALIDATE_PRODUCT = YES;
			};
			name = Release;
		};
		DE954DE022918ED900F7BAB9 /* Debug */ = {
			isa = XCBuildConfiguration;
			buildSettings = {
				ASSETCATALOG_COMPILER_APPICON_NAME = AppIcon;
				CODE_SIGN_STYLE = Automatic;
				DEVELOPMENT_TEAM = V8WSJWEPF7;
				INFOPLIST_FILE = WeatherChallange/Info.plist;
				LD_RUNPATH_SEARCH_PATHS = (
					"$(inherited)",
					"@executable_path/Frameworks",
				);
				PRODUCT_BUNDLE_IDENTIFIER = tech.gorkem.WeatherChallange;
				PRODUCT_NAME = "$(TARGET_NAME)";
				SWIFT_VERSION = 5.0;
				TARGETED_DEVICE_FAMILY = "1,2";
			};
			name = Debug;
		};
		DE954DE122918ED900F7BAB9 /* Release */ = {
			isa = XCBuildConfiguration;
			buildSettings = {
				ASSETCATALOG_COMPILER_APPICON_NAME = AppIcon;
				CODE_SIGN_STYLE = Automatic;
				DEVELOPMENT_TEAM = V8WSJWEPF7;
				INFOPLIST_FILE = WeatherChallange/Info.plist;
				LD_RUNPATH_SEARCH_PATHS = (
					"$(inherited)",
					"@executable_path/Frameworks",
				);
				PRODUCT_BUNDLE_IDENTIFIER = tech.gorkem.WeatherChallange;
				PRODUCT_NAME = "$(TARGET_NAME)";
				SWIFT_VERSION = 5.0;
				TARGETED_DEVICE_FAMILY = "1,2";
			};
			name = Release;
		};
		DE954DE322918ED900F7BAB9 /* Debug */ = {
			isa = XCBuildConfiguration;
			buildSettings = {
				ALWAYS_EMBED_SWIFT_STANDARD_LIBRARIES = YES;
				BUNDLE_LOADER = "$(TEST_HOST)";
				CODE_SIGN_STYLE = Automatic;
				INFOPLIST_FILE = WeatherChallangeTests/Info.plist;
				LD_RUNPATH_SEARCH_PATHS = (
					"$(inherited)",
					"@executable_path/Frameworks",
					"@loader_path/Frameworks",
				);
				PRODUCT_BUNDLE_IDENTIFIER = tech.gorkem.WeatherChallangeTests;
				PRODUCT_NAME = "$(TARGET_NAME)";
				SWIFT_VERSION = 5.0;
				TARGETED_DEVICE_FAMILY = "1,2";
				TEST_HOST = "$(BUILT_PRODUCTS_DIR)/WeatherChallange.app/WeatherChallange";
			};
			name = Debug;
		};
		DE954DE422918ED900F7BAB9 /* Release */ = {
			isa = XCBuildConfiguration;
			buildSettings = {
				ALWAYS_EMBED_SWIFT_STANDARD_LIBRARIES = YES;
				BUNDLE_LOADER = "$(TEST_HOST)";
				CODE_SIGN_STYLE = Automatic;
				INFOPLIST_FILE = WeatherChallangeTests/Info.plist;
				LD_RUNPATH_SEARCH_PATHS = (
					"$(inherited)",
					"@executable_path/Frameworks",
					"@loader_path/Frameworks",
				);
				PRODUCT_BUNDLE_IDENTIFIER = tech.gorkem.WeatherChallangeTests;
				PRODUCT_NAME = "$(TARGET_NAME)";
				SWIFT_VERSION = 5.0;
				TARGETED_DEVICE_FAMILY = "1,2";
				TEST_HOST = "$(BUILT_PRODUCTS_DIR)/WeatherChallange.app/WeatherChallange";
			};
			name = Release;
		};
/* End XCBuildConfiguration section */

/* Begin XCConfigurationList section */
		DE954DBD22918ED700F7BAB9 /* Build configuration list for PBXProject "WeatherChallange" */ = {
			isa = XCConfigurationList;
			buildConfigurations = (
				DE954DDD22918ED900F7BAB9 /* Debug */,
				DE954DDE22918ED900F7BAB9 /* Release */,
			);
			defaultConfigurationIsVisible = 0;
			defaultConfigurationName = Release;
		};
		DE954DDF22918ED900F7BAB9 /* Build configuration list for PBXNativeTarget "WeatherChallange" */ = {
			isa = XCConfigurationList;
			buildConfigurations = (
				DE954DE022918ED900F7BAB9 /* Debug */,
				DE954DE122918ED900F7BAB9 /* Release */,
			);
			defaultConfigurationIsVisible = 0;
			defaultConfigurationName = Release;
		};
		DE954DE222918ED900F7BAB9 /* Build configuration list for PBXNativeTarget "WeatherChallangeTests" */ = {
			isa = XCConfigurationList;
			buildConfigurations = (
				DE954DE322918ED900F7BAB9 /* Debug */,
				DE954DE422918ED900F7BAB9 /* Release */,
			);
			defaultConfigurationIsVisible = 0;
			defaultConfigurationName = Release;
		};
/* End XCConfigurationList section */
	};
	rootObject = DE954DBA22918ED700F7BAB9 /* Project object */;
}
